
Microsoft Visual Studio Solution File, Format Version 12.00
# Visual Studio Version 17
VisualStudioVersion = 17.0.31903.59
MinimumVisualStudioVersion = 10.0.40219.1
Project("{FAE04EC0-301F-11D3-BF4B-00C04F79EFBC}") = "MachineLearning", "MachineLearning\MachineLearning.csproj", "{D111A55A-A240-46BB-8A5C-B3916EBC42D0}"
EndProject
Global
	GlobalSection(SolutionConfigurationPlatforms) = preSolution
		Debug|Any CPU = Debug|Any CPU
		Release|Any CPU = Release|Any CPU
	EndGlobalSection
	GlobalSection(ProjectConfigurationPlatforms) = postSolution
		{D111A55A-A240-46BB-8A5C-B3916EBC42D0}.Debug|Any CPU.ActiveCfg = Debug|Any CPU
		{D111A55A-A240-46BB-8A5C-B3916EBC42D0}.Debug|Any CPU.Build.0 = Debug|Any CPU
		{D111A55A-A240-46BB-8A5C-B3916EBC42D0}.Release|Any CPU.ActiveCfg = Release|Any CPU
		{D111A55A-A240-46BB-8A5C-B3916EBC42D0}.Release|Any CPU.Build.0 = Release|Any CPU
	EndGlobalSection
	GlobalSection(SolutionProperties) = preSolution
		HideSolutionNode = FALSE
	EndGlobalSection
	GlobalSection(ExtensibilityGlobals) = postSolution
		SolutionGuid = {F6E7D4AD-FE15-4D03-914E-3B416079EFB0}
	EndGlobalSection
EndGlobal
